
Microsoft Visual Studio Solution File, Format Version 12.00
# Visual Studio Version 17
VisualStudioVersion = 17.7.34031.279
MinimumVisualStudioVersion = 10.0.40219.1
Project("{FAE04EC0-301F-11D3-BF4B-00C04F79EFBC}") = "Lab_02", "Lab_02.csproj", "{F76903B3-5A2B-40AF-ABAD-A930D12D6DBF}"
EndProject
Global
	GlobalSection(SolutionConfigurationPlatforms) = preSolution
		Debug|Any CPU = Debug|Any CPU
		Release|Any CPU = Release|Any CPU
	EndGlobalSection
	GlobalSection(ProjectConfigurationPlatforms) = postSolution
		{F76903B3-5A2B-40AF-ABAD-A930D12D6DBF}.Debug|Any CPU.ActiveCfg = Debug|Any CPU
		{F76903B3-5A2B-40AF-ABAD-A930D12D6DBF}.Debug|Any CPU.Build.0 = Debug|Any CPU
		{F76903B3-5A2B-40AF-ABAD-A930D12D6DBF}.Release|Any CPU.ActiveCfg = Release|Any CPU
		{F76903B3-5A2B-40AF-ABAD-A930D12D6DBF}.Release|Any CPU.Build.0 = Release|Any CPU
	EndGlobalSection
	GlobalSection(SolutionProperties) = preSolution
		HideSolutionNode = FALSE
	EndGlobalSection
	GlobalSection(ExtensibilityGlobals) = postSolution
		SolutionGuid = {FA196756-9AFC-4DDA-A8BF-364C16815A9B}
	EndGlobalSection
EndGlobal
